
Microsoft Visual Studio Solution File, Format Version 12.00
# Visual Studio Version 17
VisualStudioVersion = 17.6.33815.320
MinimumVisualStudioVersion = 10.0.40219.1
Project("{FAE04EC0-301F-11D3-BF4B-00C04F79EFBC}") = "Apple Battery Check", "Apple Battery Check\Apple Battery Check.csproj", "{C41E00DF-0880-4745-B94A-CB0607E3B288}"
EndProject
Project("{FAE04EC0-301F-11D3-BF4B-00C04F79EFBC}") = "Console", "Console\Console.csproj", "{3D832C35-2B92-4C5B-9691-E7A4DF9DAF24}"
EndProject
Global
	GlobalSection(SolutionConfigurationPlatforms) = preSolution
		Debug|Any CPU = Debug|Any CPU
		Release|Any CPU = Release|Any CPU
	EndGlobalSection
	GlobalSection(ProjectConfigurationPlatforms) = postSolution
		{C41E00DF-0880-4745-B94A-CB0607E3B288}.Debug|Any CPU.ActiveCfg = Debug|Any CPU
		{C41E00DF-0880-4745-B94A-CB0607E3B288}.Debug|Any CPU.Build.0 = Debug|Any CPU
		{C41E00DF-0880-4745-B94A-CB0607E3B288}.Release|Any CPU.ActiveCfg = Release|Any CPU
		{C41E00DF-0880-4745-B94A-CB0607E3B288}.Release|Any CPU.Build.0 = Release|Any CPU
		{3D832C35-2B92-4C5B-9691-E7A4DF9DAF24}.Debug|Any CPU.ActiveCfg = Debug|Any CPU
		{3D832C35-2B92-4C5B-9691-E7A4DF9DAF24}.Debug|Any CPU.Build.0 = Debug|Any CPU
		{3D832C35-2B92-4C5B-9691-E7A4DF9DAF24}.Release|Any CPU.ActiveCfg = Release|Any CPU
		{3D832C35-2B92-4C5B-9691-E7A4DF9DAF24}.Release|Any CPU.Build.0 = Release|Any CPU
	EndGlobalSection
	GlobalSection(SolutionProperties) = preSolution
		HideSolutionNode = FALSE
	EndGlobalSection
	GlobalSection(ExtensibilityGlobals) = postSolution
		SolutionGuid = {A055A0E7-3E1C-4B57-966F-24E27F8CF6B0}
	EndGlobalSection
EndGlobal
